
Microsoft Visual Studio Solution File, Format Version 12.00
# Visual Studio Version 17
VisualStudioVersion = 17.3.32714.290
MinimumVisualStudioVersion = 10.0.40219.1
Project("{2150E333-8FDC-42A3-9474-1A3956D46DE8}") = "src", "src", "{0EA5F4E2-14F2-4C31-95B3-C6C67E50B794}"
EndProject
Project("{2150E333-8FDC-42A3-9474-1A3956D46DE8}") = "tests", "tests", "{02C24AEE-8D56-4BAF-AF5F-11B1DF221CBB}"
EndProject
Project("{9A19103F-16F7-4668-BE54-9A1E7A4F7556}") = "Playground", "tests\Playground\Playground.csproj", "{1707173B-7C5A-4E16-B4FF-DB287509C526}"
EndProject
Project("{9A19103F-16F7-4668-BE54-9A1E7A4F7556}") = "Hemisferio.Client", "src\Client\Hemisferio.Client.csproj", "{17AA60EE-CFE8-4A51-9F9F-9A20AE8528BE}"
EndProject
Global
	GlobalSection(SolutionConfigurationPlatforms) = preSolution
		Debug|Any CPU = Debug|Any CPU
		Release|Any CPU = Release|Any CPU
	EndGlobalSection
	GlobalSection(ProjectConfigurationPlatforms) = postSolution
		{1707173B-7C5A-4E16-B4FF-DB287509C526}.Debug|Any CPU.ActiveCfg = Debug|Any CPU
		{1707173B-7C5A-4E16-B4FF-DB287509C526}.Debug|Any CPU.Build.0 = Debug|Any CPU
		{1707173B-7C5A-4E16-B4FF-DB287509C526}.Release|Any CPU.ActiveCfg = Release|Any CPU
		{1707173B-7C5A-4E16-B4FF-DB287509C526}.Release|Any CPU.Build.0 = Release|Any CPU
		{17AA60EE-CFE8-4A51-9F9F-9A20AE8528BE}.Debug|Any CPU.ActiveCfg = Debug|Any CPU
		{17AA60EE-CFE8-4A51-9F9F-9A20AE8528BE}.Debug|Any CPU.Build.0 = Debug|Any CPU
		{17AA60EE-CFE8-4A51-9F9F-9A20AE8528BE}.Release|Any CPU.ActiveCfg = Release|Any CPU
		{17AA60EE-CFE8-4A51-9F9F-9A20AE8528BE}.Release|Any CPU.Build.0 = Release|Any CPU
	EndGlobalSection
	GlobalSection(SolutionProperties) = preSolution
		HideSolutionNode = FALSE
	EndGlobalSection
	GlobalSection(NestedProjects) = preSolution
		{1707173B-7C5A-4E16-B4FF-DB287509C526} = {02C24AEE-8D56-4BAF-AF5F-11B1DF221CBB}
		{17AA60EE-CFE8-4A51-9F9F-9A20AE8528BE} = {0EA5F4E2-14F2-4C31-95B3-C6C67E50B794}
	EndGlobalSection
	GlobalSection(ExtensibilityGlobals) = postSolution
		SolutionGuid = {E3C39360-5B93-46A5-B33B-BB01EC0CAE76}
	EndGlobalSection
EndGlobal
